
Microsoft Visual Studio Solution File, Format Version 12.00
Project("{FAE04EC0-301F-11D3-BF4B-00C04F79EFBC}") = "DrillTool", "DrillTool\DrillTool.csproj", "{3494B574-0CD4-4B7C-8412-1BB41FEC2368}"
EndProject
Global
	GlobalSection(SolutionConfigurationPlatforms) = preSolution
		Debug|Any CPU = Debug|Any CPU
		Release|Any CPU = Release|Any CPU
	EndGlobalSection
	GlobalSection(ProjectConfigurationPlatforms) = postSolution
		{3494B574-0CD4-4B7C-8412-1BB41FEC2368}.Debug|Any CPU.ActiveCfg = Debug|Any CPU
		{3494B574-0CD4-4B7C-8412-1BB41FEC2368}.Debug|Any CPU.Build.0 = Debug|Any CPU
		{3494B574-0CD4-4B7C-8412-1BB41FEC2368}.Release|Any CPU.ActiveCfg = Release|Any CPU
		{3494B574-0CD4-4B7C-8412-1BB41FEC2368}.Release|Any CPU.Build.0 = Release|Any CPU
	EndGlobalSection
EndGlobal
